
Microsoft Visual Studio Solution File, Format Version 12.00
# Visual Studio Version 17
VisualStudioVersion = 17.0.31912.275
MinimumVisualStudioVersion = 10.0.40219.1
Project("{9A19103F-16F7-4668-BE54-9A1E7A4F7556}") = "MusicianStatisticsWeb", "MusicianStatisticsWeb\MusicianStatisticsWeb.csproj", "{55878AA4-20B8-4316-85E6-3D8E4BB52FD3}"
	ProjectSection(ProjectDependencies) = postProject
		{67B80A81-4073-4602-B0B7-4AA784BDEC4B} = {67B80A81-4073-4602-B0B7-4AA784BDEC4B}
	EndProjectSection
EndProject
Project("{9A19103F-16F7-4668-BE54-9A1E7A4F7556}") = "MusicianStatisticsConsole", "MusicianStatisticsConsole\MusicianStatisticsConsole.csproj", "{724363C3-F3BC-4A31-ABDD-9CC3B85D11FC}"
EndProject
Project("{9A19103F-16F7-4668-BE54-9A1E7A4F7556}") = "MusicianStatisticsCore", "MusicianStatisticsCore\MusicianStatisticsCore.csproj", "{67B80A81-4073-4602-B0B7-4AA784BDEC4B}"
EndProject
Project("{2150E333-8FDC-42A3-9474-1A3956D46DE8}") = "Solution Items", "Solution Items", "{1144429B-580C-4691-9B75-C416312E3B54}"
	ProjectSection(SolutionItems) = preProject
		.editorconfig = .editorconfig
	EndProjectSection
EndProject
Project("{FAE04EC0-301F-11D3-BF4B-00C04F79EFBC}") = "MusicianStatistics.Test", "MusicianStatistics.Test\MusicianStatistics.Test.csproj", "{9EEBC72B-4FEE-4C30-A02C-1EA23ADFEC2D}"
	ProjectSection(ProjectDependencies) = postProject
		{67B80A81-4073-4602-B0B7-4AA784BDEC4B} = {67B80A81-4073-4602-B0B7-4AA784BDEC4B}
	EndProjectSection
EndProject
Global
	GlobalSection(SolutionConfigurationPlatforms) = preSolution
		Debug|Any CPU = Debug|Any CPU
		Release|Any CPU = Release|Any CPU
	EndGlobalSection
	GlobalSection(ProjectConfigurationPlatforms) = postSolution
		{55878AA4-20B8-4316-85E6-3D8E4BB52FD3}.Debug|Any CPU.ActiveCfg = Debug|Any CPU
		{55878AA4-20B8-4316-85E6-3D8E4BB52FD3}.Debug|Any CPU.Build.0 = Debug|Any CPU
		{55878AA4-20B8-4316-85E6-3D8E4BB52FD3}.Release|Any CPU.ActiveCfg = Release|Any CPU
		{55878AA4-20B8-4316-85E6-3D8E4BB52FD3}.Release|Any CPU.Build.0 = Release|Any CPU
		{724363C3-F3BC-4A31-ABDD-9CC3B85D11FC}.Debug|Any CPU.ActiveCfg = Debug|Any CPU
		{724363C3-F3BC-4A31-ABDD-9CC3B85D11FC}.Debug|Any CPU.Build.0 = Debug|Any CPU
		{724363C3-F3BC-4A31-ABDD-9CC3B85D11FC}.Release|Any CPU.ActiveCfg = Release|Any CPU
		{724363C3-F3BC-4A31-ABDD-9CC3B85D11FC}.Release|Any CPU.Build.0 = Release|Any CPU
		{67B80A81-4073-4602-B0B7-4AA784BDEC4B}.Debug|Any CPU.ActiveCfg = Debug|Any CPU
		{67B80A81-4073-4602-B0B7-4AA784BDEC4B}.Debug|Any CPU.Build.0 = Debug|Any CPU
		{67B80A81-4073-4602-B0B7-4AA784BDEC4B}.Release|Any CPU.ActiveCfg = Release|Any CPU
		{67B80A81-4073-4602-B0B7-4AA784BDEC4B}.Release|Any CPU.Build.0 = Release|Any CPU
		{9EEBC72B-4FEE-4C30-A02C-1EA23ADFEC2D}.Debug|Any CPU.ActiveCfg = Debug|Any CPU
		{9EEBC72B-4FEE-4C30-A02C-1EA23ADFEC2D}.Debug|Any CPU.Build.0 = Debug|Any CPU
		{9EEBC72B-4FEE-4C30-A02C-1EA23ADFEC2D}.Release|Any CPU.ActiveCfg = Release|Any CPU
		{9EEBC72B-4FEE-4C30-A02C-1EA23ADFEC2D}.Release|Any CPU.Build.0 = Release|Any CPU
	EndGlobalSection
	GlobalSection(SolutionProperties) = preSolution
		HideSolutionNode = FALSE
	EndGlobalSection
	GlobalSection(ExtensibilityGlobals) = postSolution
		SolutionGuid = {EDED737F-C1D4-4FB6-B574-3FF873187390}
	EndGlobalSection
EndGlobal
